
Microsoft Visual Studio Solution File, Format Version 12.00
# Visual Studio 14
VisualStudioVersion = 14.0.24720.0
MinimumVisualStudioVersion = 10.0.40219.1
Project("{FAE04EC0-301F-11D3-BF4B-00C04F79EFBC}") = "WpfMef", "WpfMef\WpfMef.csproj", "{606B1B2F-9312-4696-85D0-2CE037D8EACB}"
EndProject
Project("{FAE04EC0-301F-11D3-BF4B-00C04F79EFBC}") = "ConsoleMef", "ConsoleMef\ConsoleMef.csproj", "{8F68DCB0-E36F-471C-8D9A-383CE315E676}"
EndProject
Global
	GlobalSection(SolutionConfigurationPlatforms) = preSolution
		Debug|Any CPU = Debug|Any CPU
		Release|Any CPU = Release|Any CPU
	EndGlobalSection
	GlobalSection(ProjectConfigurationPlatforms) = postSolution
		{606B1B2F-9312-4696-85D0-2CE037D8EACB}.Debug|Any CPU.ActiveCfg = Debug|Any CPU
		{606B1B2F-9312-4696-85D0-2CE037D8EACB}.Debug|Any CPU.Build.0 = Debug|Any CPU
		{606B1B2F-9312-4696-85D0-2CE037D8EACB}.Release|Any CPU.ActiveCfg = Release|Any CPU
		{606B1B2F-9312-4696-85D0-2CE037D8EACB}.Release|Any CPU.Build.0 = Release|Any CPU
		{8F68DCB0-E36F-471C-8D9A-383CE315E676}.Debug|Any CPU.ActiveCfg = Debug|Any CPU
		{8F68DCB0-E36F-471C-8D9A-383CE315E676}.Debug|Any CPU.Build.0 = Debug|Any CPU
		{8F68DCB0-E36F-471C-8D9A-383CE315E676}.Release|Any CPU.ActiveCfg = Release|Any CPU
		{8F68DCB0-E36F-471C-8D9A-383CE315E676}.Release|Any CPU.Build.0 = Release|Any CPU
	EndGlobalSection
	GlobalSection(SolutionProperties) = preSolution
		HideSolutionNode = FALSE
	EndGlobalSection
EndGlobal
